
Microsoft Visual Studio Solution File, Format Version 12.00
# Visual Studio Version 17
VisualStudioVersion = 17.3.32825.248
MinimumVisualStudioVersion = 10.0.40219.1
Project("{FAE04EC0-301F-11D3-BF4B-00C04F79EFBC}") = "Pelada", "Pelada.csproj", "{1C190EC0-91D4-4DE3-85AD-F38F1AC072EB}"
EndProject
Global
	GlobalSection(SolutionConfigurationPlatforms) = preSolution
		Debug|Any CPU = Debug|Any CPU
		Release|Any CPU = Release|Any CPU
	EndGlobalSection
	GlobalSection(ProjectConfigurationPlatforms) = postSolution
		{1C190EC0-91D4-4DE3-85AD-F38F1AC072EB}.Debug|Any CPU.ActiveCfg = Debug|Any CPU
		{1C190EC0-91D4-4DE3-85AD-F38F1AC072EB}.Debug|Any CPU.Build.0 = Debug|Any CPU
		{1C190EC0-91D4-4DE3-85AD-F38F1AC072EB}.Release|Any CPU.ActiveCfg = Release|Any CPU
		{1C190EC0-91D4-4DE3-85AD-F38F1AC072EB}.Release|Any CPU.Build.0 = Release|Any CPU
	EndGlobalSection
	GlobalSection(SolutionProperties) = preSolution
		HideSolutionNode = FALSE
	EndGlobalSection
	GlobalSection(ExtensibilityGlobals) = postSolution
		SolutionGuid = {954455C4-1B38-4BA5-AFEB-327384D4EAD9}
	EndGlobalSection
EndGlobal
